
Microsoft Visual Studio Solution File, Format Version 12.00
Project("{FAE04EC0-301F-11D3-BF4B-00C04F79EFBC}") = "SimpleExample", "SimpleExample\SimpleExample.csproj", "{E4292140-24E9-4979-9DFA-98F0070C91D6}"
EndProject
Project("{2150E333-8FDC-42A3-9474-1A3956D46DE8}") = "Unit_0", "Unit_0", "{EB38B3CF-597E-4F40-A120-15FB3B4FD199}"
EndProject
Project("{2150E333-8FDC-42A3-9474-1A3956D46DE8}") = "Unit_1", "Unit_1", "{DADEA0CA-1C34-4A7C-95E0-35DABF506B65}"
EndProject
Project("{FAE04EC0-301F-11D3-BF4B-00C04F79EFBC}") = "ExtensionMethods", "ExtensionMethods\ExtensionMethods.csproj", "{82EB28FD-BFF7-4D13-9262-FA94F1B10D67}"
EndProject
Project("{FAE04EC0-301F-11D3-BF4B-00C04F79EFBC}") = "ExtensionMethodsExample", "ExtensionMethodsExample\ExtensionMethodsExample.csproj", "{578BEF9C-CEE2-409E-A6E7-B46818942309}"
EndProject
Project("{FAE04EC0-301F-11D3-BF4B-00C04F79EFBC}") = "CombinedExample", "CombinedExample\CombinedExample.csproj", "{8129974B-D828-4692-8CAF-FE491EA3476D}"
EndProject
Project("{FAE04EC0-301F-11D3-BF4B-00C04F79EFBC}") = "WhereExample", "WhereExample\WhereExample.csproj", "{F1586C51-181B-4DCA-8BEE-41C1A8DE28A0}"
EndProject
Project("{FAE04EC0-301F-11D3-BF4B-00C04F79EFBC}") = "SimpleWhereExample", "SimpleWhereExample\SimpleWhereExample.csproj", "{20F3C092-7AEA-46AF-82BE-9F390D0583B9}"
EndProject
Project("{FAE04EC0-301F-11D3-BF4B-00C04F79EFBC}") = "ComplexFilters", "ComplexFilters\ComplexFilters.csproj", "{C89E0AE3-D025-4A50-9F9F-5F20E2AF4CBE}"
EndProject
Project("{FAE04EC0-301F-11D3-BF4B-00C04F79EFBC}") = "SelectManyExample", "SelectManyExample\SelectManyExample.csproj", "{AB022C0F-3AE8-4C34-A9B3-AC920DFB6AFF}"
EndProject
Project("{2150E333-8FDC-42A3-9474-1A3956D46DE8}") = "Unit_2", "Unit_2", "{087B3EC5-19BA-4236-8D26-69AD518D79B6}"
EndProject
Project("{FAE04EC0-301F-11D3-BF4B-00C04F79EFBC}") = "SelectExample", "SelectExample\SelectExample.csproj", "{637EBA1A-D432-4E0F-888F-C48304B52147}"
EndProject
Project("{FAE04EC0-301F-11D3-BF4B-00C04F79EFBC}") = "LetKeywordExample", "LetKeywordExample\LetKeywordExample.csproj", "{CE223BC5-224E-4FCD-B8FC-5B5AE0092A4B}"
EndProject
Project("{FAE04EC0-301F-11D3-BF4B-00C04F79EFBC}") = "MultipleSelection", "MultipleSelection\MultipleSelection.csproj", "{77EC6513-48AE-4A6C-BE92-BBDE9991BD1B}"
EndProject
Project("{FAE04EC0-301F-11D3-BF4B-00C04F79EFBC}") = "SkipTakeExample", "SkipTakeExample\SkipTakeExample.csproj", "{92A7C6D1-A4C7-4A53-A371-3E8CF00F99B4}"
EndProject
Project("{FAE04EC0-301F-11D3-BF4B-00C04F79EFBC}") = "SkipWhileTakeWhile", "SkipWhileTakeWhile\SkipWhileTakeWhile.csproj", "{33B8C7CC-6EA4-4A05-93F5-481840A30A4A}"
EndProject
Project("{2150E333-8FDC-42A3-9474-1A3956D46DE8}") = "Unit_3", "Unit_3", "{7EA032BF-1DB2-4AF3-833B-19597F2CD479}"
EndProject
Project("{FAE04EC0-301F-11D3-BF4B-00C04F79EFBC}") = "SimpleSorting", "SimpleSorting\SimpleSorting.csproj", "{26448826-C1CF-4332-B718-4990D20CB067}"
EndProject
Project("{FAE04EC0-301F-11D3-BF4B-00C04F79EFBC}") = "MultipleSorting", "MultipleSorting\MultipleSorting.csproj", "{BBD260D5-9BC4-4421-A259-2C288722E26B}"
EndProject
Project("{2150E333-8FDC-42A3-9474-1A3956D46DE8}") = "Unit_4", "Unit_4", "{F2334ECC-FC87-4BB3-9ADF-5085891FDDB3}"
EndProject
Project("{FAE04EC0-301F-11D3-BF4B-00C04F79EFBC}") = "ExceptExample", "ExceptExample\ExceptExample.csproj", "{38DF78BB-FBCB-4C9D-AA9F-E5FA661D13C2}"
EndProject
Project("{FAE04EC0-301F-11D3-BF4B-00C04F79EFBC}") = "intersectExample", "intersectExample\intersectExample.csproj", "{EFE25FB4-DB04-4810-ABE9-63AEE51CC806}"
EndProject
Project("{FAE04EC0-301F-11D3-BF4B-00C04F79EFBC}") = "UnionExample", "UnionExample\UnionExample.csproj", "{B443E94E-C0CF-4E4E-B34D-E41758D6427B}"
EndProject
Project("{FAE04EC0-301F-11D3-BF4B-00C04F79EFBC}") = "ConcatExample", "ConcatExample\ConcatExample.csproj", "{1C9E62F0-740C-4223-9B13-60B3C06F1849}"
EndProject
Project("{FAE04EC0-301F-11D3-BF4B-00C04F79EFBC}") = "DistinctExample", "DistinctExample\DistinctExample.csproj", "{B567D06E-2506-4218-BEEB-6836D34021F3}"
EndProject
Project("{2150E333-8FDC-42A3-9474-1A3956D46DE8}") = "Unit_5", "Unit_5", "{046C5B01-0E6E-4562-855E-DCF3FB1D1422}"
EndProject
Project("{FAE04EC0-301F-11D3-BF4B-00C04F79EFBC}") = "AggregateExample", "AggregateExample\AggregateExample.csproj", "{5018765C-A885-4B8B-9AD7-1A609502C59D}"
EndProject
Project("{FAE04EC0-301F-11D3-BF4B-00C04F79EFBC}") = "CountExample", "CountExample\CountExample.csproj", "{E4F85BDC-200D-4947-84D7-972A91706398}"
EndProject
Project("{FAE04EC0-301F-11D3-BF4B-00C04F79EFBC}") = "SumExample", "SumExample\SumExample.csproj", "{5F660A80-E063-4217-8CCC-39ACC3FFEA4C}"
EndProject
Project("{FAE04EC0-301F-11D3-BF4B-00C04F79EFBC}") = "MaxMinAvgExample", "MaxMinAvgExample\MaxMinAvgExample.csproj", "{D80C12AF-B6DD-4247-A3F2-48FA9B4871C2}"
EndProject
Project("{2150E333-8FDC-42A3-9474-1A3956D46DE8}") = "Unit_6", "Unit_6", "{DBE53043-4ED0-4CC5-AAB9-F10BB26263D1}"
EndProject
Project("{FAE04EC0-301F-11D3-BF4B-00C04F79EFBC}") = "GroupByExample", "GroupByExample\GroupByExample.csproj", "{0ACADAE2-2087-46B1-AD75-5CA13FF004D9}"
EndProject
Project("{2150E333-8FDC-42A3-9474-1A3956D46DE8}") = "Unit_7", "Unit_7", "{6C265951-6652-45CC-93DD-2EBF38F433D3}"
EndProject
Project("{FAE04EC0-301F-11D3-BF4B-00C04F79EFBC}") = "JoinExample", "JoinExample\JoinExample.csproj", "{447E4757-0F07-448D-A9E5-030E44898D1C}"
EndProject
Project("{FAE04EC0-301F-11D3-BF4B-00C04F79EFBC}") = "GroupJoinExample", "GroupJoinExample\GroupJoinExample.csproj", "{454FA266-D948-41A4-A79E-8AC87ACFDA1C}"
EndProject
Project("{FAE04EC0-301F-11D3-BF4B-00C04F79EFBC}") = "ZipExample", "ZipExample\ZipExample.csproj", "{3345B9F2-726F-47BA-94B4-E65DEBA74F3B}"
EndProject
Project("{2150E333-8FDC-42A3-9474-1A3956D46DE8}") = "Unit_8", "Unit_8", "{6DC50A55-2F90-4D06-A812-7B73DB5598E2}"
EndProject
Project("{FAE04EC0-301F-11D3-BF4B-00C04F79EFBC}") = "DelayedExecuting", "DelayedExecuting\DelayedExecuting.csproj", "{3FF9F1AB-FE8D-4D4A-B8B0-6991002C39DD}"
EndProject
Project("{FAE04EC0-301F-11D3-BF4B-00C04F79EFBC}") = "InstantExecuting", "InstantExecuting\InstantExecuting.csproj", "{75BE239E-91EB-4B2A-A98F-50950BEFEA42}"
EndProject
Project("{2150E333-8FDC-42A3-9474-1A3956D46DE8}") = "Solution Items", "Solution Items", "{3A1EF270-4B79-4938-80B7-03E58A1EC9C0}"
EndProject
Global
	GlobalSection(SolutionConfigurationPlatforms) = preSolution
		Debug|Any CPU = Debug|Any CPU
		Release|Any CPU = Release|Any CPU
	EndGlobalSection
	GlobalSection(ProjectConfigurationPlatforms) = postSolution
		{E4292140-24E9-4979-9DFA-98F0070C91D6}.Debug|Any CPU.ActiveCfg = Debug|Any CPU
		{E4292140-24E9-4979-9DFA-98F0070C91D6}.Debug|Any CPU.Build.0 = Debug|Any CPU
		{E4292140-24E9-4979-9DFA-98F0070C91D6}.Release|Any CPU.ActiveCfg = Release|Any CPU
		{E4292140-24E9-4979-9DFA-98F0070C91D6}.Release|Any CPU.Build.0 = Release|Any CPU
		{82EB28FD-BFF7-4D13-9262-FA94F1B10D67}.Debug|Any CPU.ActiveCfg = Debug|Any CPU
		{82EB28FD-BFF7-4D13-9262-FA94F1B10D67}.Debug|Any CPU.Build.0 = Debug|Any CPU
		{82EB28FD-BFF7-4D13-9262-FA94F1B10D67}.Release|Any CPU.ActiveCfg = Release|Any CPU
		{82EB28FD-BFF7-4D13-9262-FA94F1B10D67}.Release|Any CPU.Build.0 = Release|Any CPU
		{578BEF9C-CEE2-409E-A6E7-B46818942309}.Debug|Any CPU.ActiveCfg = Debug|Any CPU
		{578BEF9C-CEE2-409E-A6E7-B46818942309}.Debug|Any CPU.Build.0 = Debug|Any CPU
		{578BEF9C-CEE2-409E-A6E7-B46818942309}.Release|Any CPU.ActiveCfg = Release|Any CPU
		{578BEF9C-CEE2-409E-A6E7-B46818942309}.Release|Any CPU.Build.0 = Release|Any CPU
		{8129974B-D828-4692-8CAF-FE491EA3476D}.Debug|Any CPU.ActiveCfg = Debug|Any CPU
		{8129974B-D828-4692-8CAF-FE491EA3476D}.Debug|Any CPU.Build.0 = Debug|Any CPU
		{8129974B-D828-4692-8CAF-FE491EA3476D}.Release|Any CPU.ActiveCfg = Release|Any CPU
		{8129974B-D828-4692-8CAF-FE491EA3476D}.Release|Any CPU.Build.0 = Release|Any CPU
		{F1586C51-181B-4DCA-8BEE-41C1A8DE28A0}.Debug|Any CPU.ActiveCfg = Debug|Any CPU
		{F1586C51-181B-4DCA-8BEE-41C1A8DE28A0}.Debug|Any CPU.Build.0 = Debug|Any CPU
		{F1586C51-181B-4DCA-8BEE-41C1A8DE28A0}.Release|Any CPU.ActiveCfg = Release|Any CPU
		{F1586C51-181B-4DCA-8BEE-41C1A8DE28A0}.Release|Any CPU.Build.0 = Release|Any CPU
		{20F3C092-7AEA-46AF-82BE-9F390D0583B9}.Debug|Any CPU.ActiveCfg = Debug|Any CPU
		{20F3C092-7AEA-46AF-82BE-9F390D0583B9}.Debug|Any CPU.Build.0 = Debug|Any CPU
		{20F3C092-7AEA-46AF-82BE-9F390D0583B9}.Release|Any CPU.ActiveCfg = Release|Any CPU
		{20F3C092-7AEA-46AF-82BE-9F390D0583B9}.Release|Any CPU.Build.0 = Release|Any CPU
		{C89E0AE3-D025-4A50-9F9F-5F20E2AF4CBE}.Debug|Any CPU.ActiveCfg = Debug|Any CPU
		{C89E0AE3-D025-4A50-9F9F-5F20E2AF4CBE}.Debug|Any CPU.Build.0 = Debug|Any CPU
		{C89E0AE3-D025-4A50-9F9F-5F20E2AF4CBE}.Release|Any CPU.ActiveCfg = Release|Any CPU
		{C89E0AE3-D025-4A50-9F9F-5F20E2AF4CBE}.Release|Any CPU.Build.0 = Release|Any CPU
		{AB022C0F-3AE8-4C34-A9B3-AC920DFB6AFF}.Debug|Any CPU.ActiveCfg = Debug|Any CPU
		{AB022C0F-3AE8-4C34-A9B3-AC920DFB6AFF}.Debug|Any CPU.Build.0 = Debug|Any CPU
		{AB022C0F-3AE8-4C34-A9B3-AC920DFB6AFF}.Release|Any CPU.ActiveCfg = Release|Any CPU
		{AB022C0F-3AE8-4C34-A9B3-AC920DFB6AFF}.Release|Any CPU.Build.0 = Release|Any CPU
		{637EBA1A-D432-4E0F-888F-C48304B52147}.Debug|Any CPU.ActiveCfg = Debug|Any CPU
		{637EBA1A-D432-4E0F-888F-C48304B52147}.Debug|Any CPU.Build.0 = Debug|Any CPU
		{637EBA1A-D432-4E0F-888F-C48304B52147}.Release|Any CPU.ActiveCfg = Release|Any CPU
		{637EBA1A-D432-4E0F-888F-C48304B52147}.Release|Any CPU.Build.0 = Release|Any CPU
		{CE223BC5-224E-4FCD-B8FC-5B5AE0092A4B}.Debug|Any CPU.ActiveCfg = Debug|Any CPU
		{CE223BC5-224E-4FCD-B8FC-5B5AE0092A4B}.Debug|Any CPU.Build.0 = Debug|Any CPU
		{CE223BC5-224E-4FCD-B8FC-5B5AE0092A4B}.Release|Any CPU.ActiveCfg = Release|Any CPU
		{CE223BC5-224E-4FCD-B8FC-5B5AE0092A4B}.Release|Any CPU.Build.0 = Release|Any CPU
		{77EC6513-48AE-4A6C-BE92-BBDE9991BD1B}.Debug|Any CPU.ActiveCfg = Debug|Any CPU
		{77EC6513-48AE-4A6C-BE92-BBDE9991BD1B}.Debug|Any CPU.Build.0 = Debug|Any CPU
		{77EC6513-48AE-4A6C-BE92-BBDE9991BD1B}.Release|Any CPU.ActiveCfg = Release|Any CPU
		{77EC6513-48AE-4A6C-BE92-BBDE9991BD1B}.Release|Any CPU.Build.0 = Release|Any CPU
		{92A7C6D1-A4C7-4A53-A371-3E8CF00F99B4}.Debug|Any CPU.ActiveCfg = Debug|Any CPU
		{92A7C6D1-A4C7-4A53-A371-3E8CF00F99B4}.Debug|Any CPU.Build.0 = Debug|Any CPU
		{92A7C6D1-A4C7-4A53-A371-3E8CF00F99B4}.Release|Any CPU.ActiveCfg = Release|Any CPU
		{92A7C6D1-A4C7-4A53-A371-3E8CF00F99B4}.Release|Any CPU.Build.0 = Release|Any CPU
		{33B8C7CC-6EA4-4A05-93F5-481840A30A4A}.Debug|Any CPU.ActiveCfg = Debug|Any CPU
		{33B8C7CC-6EA4-4A05-93F5-481840A30A4A}.Debug|Any CPU.Build.0 = Debug|Any CPU
		{33B8C7CC-6EA4-4A05-93F5-481840A30A4A}.Release|Any CPU.ActiveCfg = Release|Any CPU
		{33B8C7CC-6EA4-4A05-93F5-481840A30A4A}.Release|Any CPU.Build.0 = Release|Any CPU
		{26448826-C1CF-4332-B718-4990D20CB067}.Debug|Any CPU.ActiveCfg = Debug|Any CPU
		{26448826-C1CF-4332-B718-4990D20CB067}.Debug|Any CPU.Build.0 = Debug|Any CPU
		{26448826-C1CF-4332-B718-4990D20CB067}.Release|Any CPU.ActiveCfg = Release|Any CPU
		{26448826-C1CF-4332-B718-4990D20CB067}.Release|Any CPU.Build.0 = Release|Any CPU
		{BBD260D5-9BC4-4421-A259-2C288722E26B}.Debug|Any CPU.ActiveCfg = Debug|Any CPU
		{BBD260D5-9BC4-4421-A259-2C288722E26B}.Debug|Any CPU.Build.0 = Debug|Any CPU
		{BBD260D5-9BC4-4421-A259-2C288722E26B}.Release|Any CPU.ActiveCfg = Release|Any CPU
		{BBD260D5-9BC4-4421-A259-2C288722E26B}.Release|Any CPU.Build.0 = Release|Any CPU
		{38DF78BB-FBCB-4C9D-AA9F-E5FA661D13C2}.Debug|Any CPU.ActiveCfg = Debug|Any CPU
		{38DF78BB-FBCB-4C9D-AA9F-E5FA661D13C2}.Debug|Any CPU.Build.0 = Debug|Any CPU
		{38DF78BB-FBCB-4C9D-AA9F-E5FA661D13C2}.Release|Any CPU.ActiveCfg = Release|Any CPU
		{38DF78BB-FBCB-4C9D-AA9F-E5FA661D13C2}.Release|Any CPU.Build.0 = Release|Any CPU
		{EFE25FB4-DB04-4810-ABE9-63AEE51CC806}.Debug|Any CPU.ActiveCfg = Debug|Any CPU
		{EFE25FB4-DB04-4810-ABE9-63AEE51CC806}.Debug|Any CPU.Build.0 = Debug|Any CPU
		{EFE25FB4-DB04-4810-ABE9-63AEE51CC806}.Release|Any CPU.ActiveCfg = Release|Any CPU
		{EFE25FB4-DB04-4810-ABE9-63AEE51CC806}.Release|Any CPU.Build.0 = Release|Any CPU
		{B443E94E-C0CF-4E4E-B34D-E41758D6427B}.Debug|Any CPU.ActiveCfg = Debug|Any CPU
		{B443E94E-C0CF-4E4E-B34D-E41758D6427B}.Debug|Any CPU.Build.0 = Debug|Any CPU
		{B443E94E-C0CF-4E4E-B34D-E41758D6427B}.Release|Any CPU.ActiveCfg = Release|Any CPU
		{B443E94E-C0CF-4E4E-B34D-E41758D6427B}.Release|Any CPU.Build.0 = Release|Any CPU
		{1C9E62F0-740C-4223-9B13-60B3C06F1849}.Debug|Any CPU.ActiveCfg = Debug|Any CPU
		{1C9E62F0-740C-4223-9B13-60B3C06F1849}.Debug|Any CPU.Build.0 = Debug|Any CPU
		{1C9E62F0-740C-4223-9B13-60B3C06F1849}.Release|Any CPU.ActiveCfg = Release|Any CPU
		{1C9E62F0-740C-4223-9B13-60B3C06F1849}.Release|Any CPU.Build.0 = Release|Any CPU
		{B567D06E-2506-4218-BEEB-6836D34021F3}.Debug|Any CPU.ActiveCfg = Debug|Any CPU
		{B567D06E-2506-4218-BEEB-6836D34021F3}.Debug|Any CPU.Build.0 = Debug|Any CPU
		{B567D06E-2506-4218-BEEB-6836D34021F3}.Release|Any CPU.ActiveCfg = Release|Any CPU
		{B567D06E-2506-4218-BEEB-6836D34021F3}.Release|Any CPU.Build.0 = Release|Any CPU
		{5018765C-A885-4B8B-9AD7-1A609502C59D}.Debug|Any CPU.ActiveCfg = Debug|Any CPU
		{5018765C-A885-4B8B-9AD7-1A609502C59D}.Debug|Any CPU.Build.0 = Debug|Any CPU
		{5018765C-A885-4B8B-9AD7-1A609502C59D}.Release|Any CPU.ActiveCfg = Release|Any CPU
		{5018765C-A885-4B8B-9AD7-1A609502C59D}.Release|Any CPU.Build.0 = Release|Any CPU
		{E4F85BDC-200D-4947-84D7-972A91706398}.Debug|Any CPU.ActiveCfg = Debug|Any CPU
		{E4F85BDC-200D-4947-84D7-972A91706398}.Debug|Any CPU.Build.0 = Debug|Any CPU
		{E4F85BDC-200D-4947-84D7-972A91706398}.Release|Any CPU.ActiveCfg = Release|Any CPU
		{E4F85BDC-200D-4947-84D7-972A91706398}.Release|Any CPU.Build.0 = Release|Any CPU
		{5F660A80-E063-4217-8CCC-39ACC3FFEA4C}.Debug|Any CPU.ActiveCfg = Debug|Any CPU
		{5F660A80-E063-4217-8CCC-39ACC3FFEA4C}.Debug|Any CPU.Build.0 = Debug|Any CPU
		{5F660A80-E063-4217-8CCC-39ACC3FFEA4C}.Release|Any CPU.ActiveCfg = Release|Any CPU
		{5F660A80-E063-4217-8CCC-39ACC3FFEA4C}.Release|Any CPU.Build.0 = Release|Any CPU
		{D80C12AF-B6DD-4247-A3F2-48FA9B4871C2}.Debug|Any CPU.ActiveCfg = Debug|Any CPU
		{D80C12AF-B6DD-4247-A3F2-48FA9B4871C2}.Debug|Any CPU.Build.0 = Debug|Any CPU
		{D80C12AF-B6DD-4247-A3F2-48FA9B4871C2}.Release|Any CPU.ActiveCfg = Release|Any CPU
		{D80C12AF-B6DD-4247-A3F2-48FA9B4871C2}.Release|Any CPU.Build.0 = Release|Any CPU
		{0ACADAE2-2087-46B1-AD75-5CA13FF004D9}.Debug|Any CPU.ActiveCfg = Debug|Any CPU
		{0ACADAE2-2087-46B1-AD75-5CA13FF004D9}.Debug|Any CPU.Build.0 = Debug|Any CPU
		{0ACADAE2-2087-46B1-AD75-5CA13FF004D9}.Release|Any CPU.ActiveCfg = Release|Any CPU
		{0ACADAE2-2087-46B1-AD75-5CA13FF004D9}.Release|Any CPU.Build.0 = Release|Any CPU
		{447E4757-0F07-448D-A9E5-030E44898D1C}.Debug|Any CPU.ActiveCfg = Debug|Any CPU
		{447E4757-0F07-448D-A9E5-030E44898D1C}.Debug|Any CPU.Build.0 = Debug|Any CPU
		{447E4757-0F07-448D-A9E5-030E44898D1C}.Release|Any CPU.ActiveCfg = Release|Any CPU
		{447E4757-0F07-448D-A9E5-030E44898D1C}.Release|Any CPU.Build.0 = Release|Any CPU
		{454FA266-D948-41A4-A79E-8AC87ACFDA1C}.Debug|Any CPU.ActiveCfg = Debug|Any CPU
		{454FA266-D948-41A4-A79E-8AC87ACFDA1C}.Debug|Any CPU.Build.0 = Debug|Any CPU
		{454FA266-D948-41A4-A79E-8AC87ACFDA1C}.Release|Any CPU.ActiveCfg = Release|Any CPU
		{454FA266-D948-41A4-A79E-8AC87ACFDA1C}.Release|Any CPU.Build.0 = Release|Any CPU
		{3345B9F2-726F-47BA-94B4-E65DEBA74F3B}.Debug|Any CPU.ActiveCfg = Debug|Any CPU
		{3345B9F2-726F-47BA-94B4-E65DEBA74F3B}.Debug|Any CPU.Build.0 = Debug|Any CPU
		{3345B9F2-726F-47BA-94B4-E65DEBA74F3B}.Release|Any CPU.ActiveCfg = Release|Any CPU
		{3345B9F2-726F-47BA-94B4-E65DEBA74F3B}.Release|Any CPU.Build.0 = Release|Any CPU
		{3FF9F1AB-FE8D-4D4A-B8B0-6991002C39DD}.Debug|Any CPU.ActiveCfg = Debug|Any CPU
		{3FF9F1AB-FE8D-4D4A-B8B0-6991002C39DD}.Debug|Any CPU.Build.0 = Debug|Any CPU
		{3FF9F1AB-FE8D-4D4A-B8B0-6991002C39DD}.Release|Any CPU.ActiveCfg = Release|Any CPU
		{3FF9F1AB-FE8D-4D4A-B8B0-6991002C39DD}.Release|Any CPU.Build.0 = Release|Any CPU
		{75BE239E-91EB-4B2A-A98F-50950BEFEA42}.Debug|Any CPU.ActiveCfg = Debug|Any CPU
		{75BE239E-91EB-4B2A-A98F-50950BEFEA42}.Debug|Any CPU.Build.0 = Debug|Any CPU
		{75BE239E-91EB-4B2A-A98F-50950BEFEA42}.Release|Any CPU.ActiveCfg = Release|Any CPU
		{75BE239E-91EB-4B2A-A98F-50950BEFEA42}.Release|Any CPU.Build.0 = Release|Any CPU
	EndGlobalSection
	GlobalSection(NestedProjects) = preSolution
		{E4292140-24E9-4979-9DFA-98F0070C91D6} = {EB38B3CF-597E-4F40-A120-15FB3B4FD199}
		{82EB28FD-BFF7-4D13-9262-FA94F1B10D67} = {EB38B3CF-597E-4F40-A120-15FB3B4FD199}
		{578BEF9C-CEE2-409E-A6E7-B46818942309} = {EB38B3CF-597E-4F40-A120-15FB3B4FD199}
		{8129974B-D828-4692-8CAF-FE491EA3476D} = {EB38B3CF-597E-4F40-A120-15FB3B4FD199}
		{F1586C51-181B-4DCA-8BEE-41C1A8DE28A0} = {DADEA0CA-1C34-4A7C-95E0-35DABF506B65}
		{20F3C092-7AEA-46AF-82BE-9F390D0583B9} = {DADEA0CA-1C34-4A7C-95E0-35DABF506B65}
		{C89E0AE3-D025-4A50-9F9F-5F20E2AF4CBE} = {DADEA0CA-1C34-4A7C-95E0-35DABF506B65}
		{AB022C0F-3AE8-4C34-A9B3-AC920DFB6AFF} = {DADEA0CA-1C34-4A7C-95E0-35DABF506B65}
		{637EBA1A-D432-4E0F-888F-C48304B52147} = {087B3EC5-19BA-4236-8D26-69AD518D79B6}
		{CE223BC5-224E-4FCD-B8FC-5B5AE0092A4B} = {087B3EC5-19BA-4236-8D26-69AD518D79B6}
		{77EC6513-48AE-4A6C-BE92-BBDE9991BD1B} = {087B3EC5-19BA-4236-8D26-69AD518D79B6}
		{92A7C6D1-A4C7-4A53-A371-3E8CF00F99B4} = {087B3EC5-19BA-4236-8D26-69AD518D79B6}
		{33B8C7CC-6EA4-4A05-93F5-481840A30A4A} = {087B3EC5-19BA-4236-8D26-69AD518D79B6}
		{26448826-C1CF-4332-B718-4990D20CB067} = {7EA032BF-1DB2-4AF3-833B-19597F2CD479}
		{BBD260D5-9BC4-4421-A259-2C288722E26B} = {7EA032BF-1DB2-4AF3-833B-19597F2CD479}
		{38DF78BB-FBCB-4C9D-AA9F-E5FA661D13C2} = {F2334ECC-FC87-4BB3-9ADF-5085891FDDB3}
		{EFE25FB4-DB04-4810-ABE9-63AEE51CC806} = {F2334ECC-FC87-4BB3-9ADF-5085891FDDB3}
		{B443E94E-C0CF-4E4E-B34D-E41758D6427B} = {F2334ECC-FC87-4BB3-9ADF-5085891FDDB3}
		{1C9E62F0-740C-4223-9B13-60B3C06F1849} = {F2334ECC-FC87-4BB3-9ADF-5085891FDDB3}
		{B567D06E-2506-4218-BEEB-6836D34021F3} = {F2334ECC-FC87-4BB3-9ADF-5085891FDDB3}
		{5018765C-A885-4B8B-9AD7-1A609502C59D} = {046C5B01-0E6E-4562-855E-DCF3FB1D1422}
		{E4F85BDC-200D-4947-84D7-972A91706398} = {046C5B01-0E6E-4562-855E-DCF3FB1D1422}
		{5F660A80-E063-4217-8CCC-39ACC3FFEA4C} = {046C5B01-0E6E-4562-855E-DCF3FB1D1422}
		{D80C12AF-B6DD-4247-A3F2-48FA9B4871C2} = {046C5B01-0E6E-4562-855E-DCF3FB1D1422}
		{0ACADAE2-2087-46B1-AD75-5CA13FF004D9} = {DBE53043-4ED0-4CC5-AAB9-F10BB26263D1}
		{447E4757-0F07-448D-A9E5-030E44898D1C} = {6C265951-6652-45CC-93DD-2EBF38F433D3}
		{454FA266-D948-41A4-A79E-8AC87ACFDA1C} = {6C265951-6652-45CC-93DD-2EBF38F433D3}
		{3345B9F2-726F-47BA-94B4-E65DEBA74F3B} = {6C265951-6652-45CC-93DD-2EBF38F433D3}
		{3FF9F1AB-FE8D-4D4A-B8B0-6991002C39DD} = {6DC50A55-2F90-4D06-A812-7B73DB5598E2}
		{75BE239E-91EB-4B2A-A98F-50950BEFEA42} = {6DC50A55-2F90-4D06-A812-7B73DB5598E2}
	EndGlobalSection
EndGlobal
