
Microsoft Visual Studio Solution File, Format Version 12.00
# Visual Studio Version 16
VisualStudioVersion = 16.0.34601.136
MinimumVisualStudioVersion = 10.0.40219.1
Project("{FAE04EC0-301F-11D3-BF4B-00C04F79EFBC}") = "ConsoleApp1", "ConsoleApp1\ConsoleApp1.csproj", "{4D2B7E15-A004-4A45-9302-DED0322B9991}"
EndProject
Global
	GlobalSection(SolutionConfigurationPlatforms) = preSolution
		Debug|Any CPU = Debug|Any CPU
		Release|Any CPU = Release|Any CPU
	EndGlobalSection
	GlobalSection(ProjectConfigurationPlatforms) = postSolution
		{4D2B7E15-A004-4A45-9302-DED0322B9991}.Debug|Any CPU.ActiveCfg = Debug|Any CPU
		{4D2B7E15-A004-4A45-9302-DED0322B9991}.Debug|Any CPU.Build.0 = Debug|Any CPU
		{4D2B7E15-A004-4A45-9302-DED0322B9991}.Release|Any CPU.ActiveCfg = Release|Any CPU
		{4D2B7E15-A004-4A45-9302-DED0322B9991}.Release|Any CPU.Build.0 = Release|Any CPU
	EndGlobalSection
	GlobalSection(SolutionProperties) = preSolution
		HideSolutionNode = FALSE
	EndGlobalSection
	GlobalSection(ExtensibilityGlobals) = postSolution
		SolutionGuid = {1C58AD8E-5A21-4675-BEF1-0D6FB32D643A}
	EndGlobalSection
EndGlobal
