
Microsoft Visual Studio Solution File, Format Version 12.00
# Visual Studio Version 16
VisualStudioVersion = 16.0.34601.136
MinimumVisualStudioVersion = 10.0.40219.1
Project("{FAE04EC0-301F-11D3-BF4B-00C04F79EFBC}") = "UserTicketService", "UserTicketService\UserTicketService.csproj", "{F1C86551-6896-41C4-909D-8D4E374EB300}"
EndProject
Project("{FAE04EC0-301F-11D3-BF4B-00C04F79EFBC}") = "UserTicketService.Tests", "UserTicketService.Tests\UserTicketService.Tests.csproj", "{F06115D0-CC18-4AD6-B5FF-6E361C2191A2}"
EndProject
Global
	GlobalSection(SolutionConfigurationPlatforms) = preSolution
		Debug|Any CPU = Debug|Any CPU
		Release|Any CPU = Release|Any CPU
	EndGlobalSection
	GlobalSection(ProjectConfigurationPlatforms) = postSolution
		{F1C86551-6896-41C4-909D-8D4E374EB300}.Debug|Any CPU.ActiveCfg = Debug|Any CPU
		{F1C86551-6896-41C4-909D-8D4E374EB300}.Debug|Any CPU.Build.0 = Debug|Any CPU
		{F1C86551-6896-41C4-909D-8D4E374EB300}.Release|Any CPU.ActiveCfg = Release|Any CPU
		{F1C86551-6896-41C4-909D-8D4E374EB300}.Release|Any CPU.Build.0 = Release|Any CPU
		{F06115D0-CC18-4AD6-B5FF-6E361C2191A2}.Debug|Any CPU.ActiveCfg = Debug|Any CPU
		{F06115D0-CC18-4AD6-B5FF-6E361C2191A2}.Debug|Any CPU.Build.0 = Debug|Any CPU
		{F06115D0-CC18-4AD6-B5FF-6E361C2191A2}.Release|Any CPU.ActiveCfg = Release|Any CPU
		{F06115D0-CC18-4AD6-B5FF-6E361C2191A2}.Release|Any CPU.Build.0 = Release|Any CPU
	EndGlobalSection
	GlobalSection(SolutionProperties) = preSolution
		HideSolutionNode = FALSE
	EndGlobalSection
	GlobalSection(ExtensibilityGlobals) = postSolution
		SolutionGuid = {D7E8F959-4984-4C8D-AE33-17D64ED0D005}
	EndGlobalSection
EndGlobal
